
Microsoft Visual Studio Solution File, Format Version 12.00
# Visual Studio 15
VisualStudioVersion = 15.0.27428.2002
MinimumVisualStudioVersion = 10.0.40219.1
Project("{9A19103F-16F7-4668-BE54-9A1E7A4F7556}") = "Dominio", "Dominio\Dominio.csproj", "{9B6072BA-FF2A-4403-B5C5-77221EB91C9A}"
EndProject
Project("{9A19103F-16F7-4668-BE54-9A1E7A4F7556}") = "Repositorio", "Repositorio\Repositorio.csproj", "{7D368302-AC80-4525-8EF2-3D368C00E2FC}"
EndProject
Project("{9A19103F-16F7-4668-BE54-9A1E7A4F7556}") = "Servico", "Servico\Servico.csproj", "{823DB3F2-8764-445E-BD9F-1C112680B37C}"
EndProject
Project("{9A19103F-16F7-4668-BE54-9A1E7A4F7556}") = "Mapeamento", "Mapeamento\Mapeamento.csproj", "{C2C7C8A6-33B4-4979-BA1B-879795128701}"
EndProject
Project("{FAE04EC0-301F-11D3-BF4B-00C04F79EFBC}") = "Apresentacao", "Apresentacao\Apresentacao.csproj", "{425C3B75-7514-462F-B0B0-E79F7F19567C}"
EndProject
Global
	GlobalSection(SolutionConfigurationPlatforms) = preSolution
		Debug|Any CPU = Debug|Any CPU
		Release|Any CPU = Release|Any CPU
	EndGlobalSection
	GlobalSection(ProjectConfigurationPlatforms) = postSolution
		{9B6072BA-FF2A-4403-B5C5-77221EB91C9A}.Debug|Any CPU.ActiveCfg = Debug|Any CPU
		{9B6072BA-FF2A-4403-B5C5-77221EB91C9A}.Debug|Any CPU.Build.0 = Debug|Any CPU
		{9B6072BA-FF2A-4403-B5C5-77221EB91C9A}.Release|Any CPU.ActiveCfg = Release|Any CPU
		{9B6072BA-FF2A-4403-B5C5-77221EB91C9A}.Release|Any CPU.Build.0 = Release|Any CPU
		{7D368302-AC80-4525-8EF2-3D368C00E2FC}.Debug|Any CPU.ActiveCfg = Debug|Any CPU
		{7D368302-AC80-4525-8EF2-3D368C00E2FC}.Debug|Any CPU.Build.0 = Debug|Any CPU
		{7D368302-AC80-4525-8EF2-3D368C00E2FC}.Release|Any CPU.ActiveCfg = Release|Any CPU
		{7D368302-AC80-4525-8EF2-3D368C00E2FC}.Release|Any CPU.Build.0 = Release|Any CPU
		{823DB3F2-8764-445E-BD9F-1C112680B37C}.Debug|Any CPU.ActiveCfg = Debug|Any CPU
		{823DB3F2-8764-445E-BD9F-1C112680B37C}.Debug|Any CPU.Build.0 = Debug|Any CPU
		{823DB3F2-8764-445E-BD9F-1C112680B37C}.Release|Any CPU.ActiveCfg = Release|Any CPU
		{823DB3F2-8764-445E-BD9F-1C112680B37C}.Release|Any CPU.Build.0 = Release|Any CPU
		{C2C7C8A6-33B4-4979-BA1B-879795128701}.Debug|Any CPU.ActiveCfg = Debug|Any CPU
		{C2C7C8A6-33B4-4979-BA1B-879795128701}.Debug|Any CPU.Build.0 = Debug|Any CPU
		{C2C7C8A6-33B4-4979-BA1B-879795128701}.Release|Any CPU.ActiveCfg = Release|Any CPU
		{C2C7C8A6-33B4-4979-BA1B-879795128701}.Release|Any CPU.Build.0 = Release|Any CPU
		{425C3B75-7514-462F-B0B0-E79F7F19567C}.Debug|Any CPU.ActiveCfg = Debug|Any CPU
		{425C3B75-7514-462F-B0B0-E79F7F19567C}.Debug|Any CPU.Build.0 = Debug|Any CPU
		{425C3B75-7514-462F-B0B0-E79F7F19567C}.Release|Any CPU.ActiveCfg = Release|Any CPU
		{425C3B75-7514-462F-B0B0-E79F7F19567C}.Release|Any CPU.Build.0 = Release|Any CPU
	EndGlobalSection
	GlobalSection(SolutionProperties) = preSolution
		HideSolutionNode = FALSE
	EndGlobalSection
	GlobalSection(ExtensibilityGlobals) = postSolution
		SolutionGuid = {F0020B94-F9E5-41C9-BDB3-53308E0FCB0E}
	EndGlobalSection
EndGlobal
